
Microsoft Visual Studio Solution File, Format Version 12.00
# Visual Studio Version 16
VisualStudioVersion = 16.0.31205.134
MinimumVisualStudioVersion = 10.0.40219.1
Project("{FAE04EC0-301F-11D3-BF4B-00C04F79EFBC}") = "GenericsDemo", "GenericsDemo\GenericsDemo.csproj", "{430F1010-ACDF-4CDB-88EA-7AD183851A47}"
EndProject
Project("{FAE04EC0-301F-11D3-BF4B-00C04F79EFBC}") = "FindMaximumNumberProject", "FindMaximumNumberProject\FindMaximumNumberProject.csproj", "{E165A705-C972-40B4-849B-8C25B59D0EE2}"
EndProject
Global
	GlobalSection(SolutionConfigurationPlatforms) = preSolution
		Debug|Any CPU = Debug|Any CPU
		Release|Any CPU = Release|Any CPU
	EndGlobalSection
	GlobalSection(ProjectConfigurationPlatforms) = postSolution
		{430F1010-ACDF-4CDB-88EA-7AD183851A47}.Debug|Any CPU.ActiveCfg = Debug|Any CPU
		{430F1010-ACDF-4CDB-88EA-7AD183851A47}.Debug|Any CPU.Build.0 = Debug|Any CPU
		{430F1010-ACDF-4CDB-88EA-7AD183851A47}.Release|Any CPU.ActiveCfg = Release|Any CPU
		{430F1010-ACDF-4CDB-88EA-7AD183851A47}.Release|Any CPU.Build.0 = Release|Any CPU
		{E165A705-C972-40B4-849B-8C25B59D0EE2}.Debug|Any CPU.ActiveCfg = Debug|Any CPU
		{E165A705-C972-40B4-849B-8C25B59D0EE2}.Debug|Any CPU.Build.0 = Debug|Any CPU
		{E165A705-C972-40B4-849B-8C25B59D0EE2}.Release|Any CPU.ActiveCfg = Release|Any CPU
		{E165A705-C972-40B4-849B-8C25B59D0EE2}.Release|Any CPU.Build.0 = Release|Any CPU
	EndGlobalSection
	GlobalSection(SolutionProperties) = preSolution
		HideSolutionNode = FALSE
	EndGlobalSection
	GlobalSection(ExtensibilityGlobals) = postSolution
		SolutionGuid = {51FDFEDC-8A8C-431A-8C9D-4DAAEB21C046}
	EndGlobalSection
EndGlobal
